
Microsoft Visual Studio Solution File, Format Version 12.00
# Visual Studio Version 16
VisualStudioVersion = 16.0.30204.135
MinimumVisualStudioVersion = 10.0.40219.1
Project("{9A19103F-16F7-4668-BE54-9A1E7A4F7556}") = "TwitterApi", "TwitterApi\TwitterApi.csproj", "{6C8D1146-CA8B-45C9-9695-08055F37C475}"
EndProject
Project("{9A19103F-16F7-4668-BE54-9A1E7A4F7556}") = "Challenges", "Challenges\Challenges.csproj", "{BA0152E0-07D2-4CD6-BBEF-2E85E5620CA0}"
EndProject
Global
	GlobalSection(SolutionConfigurationPlatforms) = preSolution
		Debug|Any CPU = Debug|Any CPU
		Release|Any CPU = Release|Any CPU
	EndGlobalSection
	GlobalSection(ProjectConfigurationPlatforms) = postSolution
		{6C8D1146-CA8B-45C9-9695-08055F37C475}.Debug|Any CPU.ActiveCfg = Debug|Any CPU
		{6C8D1146-CA8B-45C9-9695-08055F37C475}.Debug|Any CPU.Build.0 = Debug|Any CPU
		{6C8D1146-CA8B-45C9-9695-08055F37C475}.Release|Any CPU.ActiveCfg = Release|Any CPU
		{6C8D1146-CA8B-45C9-9695-08055F37C475}.Release|Any CPU.Build.0 = Release|Any CPU
		{BA0152E0-07D2-4CD6-BBEF-2E85E5620CA0}.Debug|Any CPU.ActiveCfg = Debug|Any CPU
		{BA0152E0-07D2-4CD6-BBEF-2E85E5620CA0}.Debug|Any CPU.Build.0 = Debug|Any CPU
		{BA0152E0-07D2-4CD6-BBEF-2E85E5620CA0}.Release|Any CPU.ActiveCfg = Release|Any CPU
		{BA0152E0-07D2-4CD6-BBEF-2E85E5620CA0}.Release|Any CPU.Build.0 = Release|Any CPU
	EndGlobalSection
	GlobalSection(SolutionProperties) = preSolution
		HideSolutionNode = FALSE
	EndGlobalSection
	GlobalSection(ExtensibilityGlobals) = postSolution
		SolutionGuid = {74D1A8A5-9381-41BE-99C5-391BEEED5AC4}
	EndGlobalSection
EndGlobal
